# @generated by Move, please check-in and do not edit manually.

[move]
version = 3
manifest_digest = "37C00D4EAB66257A47971D045571BB80C829A733879929CB127314DD96A7C111"
deps_digest = "F8BBB0CCB2491CA29A3DF03D6F92277A4F3574266507ACD77214D37ECA3F3082"
dependencies = [
  { id = "One", name = "One" },
]

[[move.package]]
id = "MoveStdlib"
source = { git = "https://github.com/one-chain-labs/onechain.git", rev = "main", subdir = "crates\\sui-framework\\packages\\move-stdlib" }

[[move.package]]
id = "One"
source = { git = "https://github.com/one-chain-labs/onechain.git", rev = "main", subdir = "crates/sui-framework/packages/one-framework" }

dependencies = [
  { id = "MoveStdlib", name = "MoveStdlib" },
]

[move.toolchain-version]
compiler-version = "1.0.1"
edition = "2024.beta"
flavor = "one"

[env]

[env.testnet]
chain-id = "1bd5c965"
original-published-id = "0x0ab37a9fb25f65063d6857b6caa8c87a079d617efc593750e1eb7c51274e9178"
latest-published-id = "0x0ab37a9fb25f65063d6857b6caa8c87a079d617efc593750e1eb7c51274e9178"
published-version = "1"
