# @generated by Move, please check-in and do not edit manually.

[move]
version = 3
manifest_digest = "6BDBEAA8EC698457F137E17663438F851C2DB74283B5974784C34885952CF34C"
deps_digest = "F8BBB0CCB2491CA29A3DF03D6F92277A4F3574266507ACD77214D37ECA3F3082"
dependencies = [
  { id = "One", name = "One" },
]

[[move.package]]
id = "MoveStdlib"
source = { git = "https://github.com/one-chain-labs/onechain.git", rev = "main", subdir = "crates\\sui-framework\\packages\\move-stdlib" }

[[move.package]]
id = "One"
source = { git = "https://github.com/one-chain-labs/onechain.git", rev = "main", subdir = "crates/sui-framework/packages/one-framework" }

dependencies = [
  { id = "MoveStdlib", name = "MoveStdlib" },
]

[move.toolchain-version]
compiler-version = "1.0.1"
edition = "2024.beta"
flavor = "one"

[env]

[env.testnet]
chain-id = "1bd5c965"
original-published-id = "0xc14123f52b33461fd58a7994cde60ad0d1bfcd8ea14fe9a6885f104a5b8d70a8"
latest-published-id = "0xc14123f52b33461fd58a7994cde60ad0d1bfcd8ea14fe9a6885f104a5b8d70a8"
published-version = "1"
